<?xml version="1.0" encoding="utf-8"?>
<Project ToolsVersion="4.0" xmlns="http://schemas.microsoft.com/developer/msbuild/2003">
  <ItemGroup>
    <Filter Include="Source Files">
      <UniqueIdentifier>{4FC737F1-C7A5-4376-A066-2A32D752A2FF}</UniqueIdentifier>
      <Extensions>cpp;c;cc;cxx;def;odl;idl;hpj;bat;asm;asmx</Extensions>
    </Filter>
    <Filter Include="Header Files">
      <UniqueIdentifier>{93995380-89BD-4b04-88EB-625FBE52EBFB}</UniqueIdentifier>
      <Extensions>h;hh;hpp;hxx;hm;inl;inc;xsd</Extensions>
    </Filter>
    <Filter Include="Resource Files">
      <UniqueIdentifier>{67DA6AB6-F800-4c08-8B7A-83BB121AAD01}</UniqueIdentifier>
      <Extensions>rc;ico;cur;bmp;dlg;rc2;rct;bin;rgs;gif;jpg;jpeg;jpe;resx;tiff;tif;png;wav;mfcribbon-ms</Extensions>
    </Filter>
    <Filter Include="Header Files\Test">
      <UniqueIdentifier>{d0936e02-c165-4804-8b49-46dca2939f65}</UniqueIdentifier>
    </Filter>
    <Filter Include="Header Files\Test\CipherTest">
      <UniqueIdentifier>{416bef18-73dc-485c-9835-77f9975413d4}</UniqueIdentifier>
    </Filter>
    <Filter Include="Header Files\Test\DigestTest">
      <UniqueIdentifier>{a79a6c52-3af4-47dd-be62-4a26d1d56657}</UniqueIdentifier>
    </Filter>
    <Filter Include="Header Files\Test\GeneratorTest">
      <UniqueIdentifier>{118a25bd-ce79-48a9-9502-6ecb49ab5552}</UniqueIdentifier>
    </Filter>
    <Filter Include="Header Files\Test\MacTest">
      <UniqueIdentifier>{cce8889d-16c4-4ff6-9bd8-9a84693ad782}</UniqueIdentifier>
    </Filter>
    <Filter Include="Header Files\Test\ProcessorTest">
      <UniqueIdentifier>{c1f92de4-0b88-47b3-8659-c344c730f333}</UniqueIdentifier>
    </Filter>
    <Filter Include="Header Files\Test\PrngTest">
      <UniqueIdentifier>{d6ff0042-a489-45e3-9749-732aa03d51d2}</UniqueIdentifier>
    </Filter>
    <Filter Include="Source Files\Test">
      <UniqueIdentifier>{f99e4b43-43b7-4ed2-b9a3-9a33df4df93a}</UniqueIdentifier>
    </Filter>
    <Filter Include="Source Files\Test\CipherTest">
      <UniqueIdentifier>{d08b3715-4367-4581-b871-228237531643}</UniqueIdentifier>
    </Filter>
    <Filter Include="Source Files\Test\DigestTest">
      <UniqueIdentifier>{a71af0e1-95df-4c79-ba69-371a66e93ef2}</UniqueIdentifier>
    </Filter>
    <Filter Include="Source Files\Test\GeneratorTest">
      <UniqueIdentifier>{bb1b8b44-3915-441e-820b-83d7dd867986}</UniqueIdentifier>
    </Filter>
    <Filter Include="Source Files\Test\MacTest">
      <UniqueIdentifier>{dfd2f34c-f11c-4149-b7ce-926b06cff512}</UniqueIdentifier>
    </Filter>
    <Filter Include="Source Files\Test\PrngTest">
      <UniqueIdentifier>{ac413792-5835-46f5-b11c-cc3b9ee6fbe7}</UniqueIdentifier>
    </Filter>
    <Filter Include="Source Files\Test\ProcessorTest">
      <UniqueIdentifier>{aa3431cb-f6fd-4a5c-959c-77ec1aa133d3}</UniqueIdentifier>
    </Filter>
    <Filter Include="Source Files\Test\KdfTest">
      <UniqueIdentifier>{b0116f79-f2f7-4195-a598-fc121e115982}</UniqueIdentifier>
    </Filter>
    <Filter Include="Header Files\Test\KdfTest">
      <UniqueIdentifier>{004c5a77-341b-4681-8aa6-1dc37ecda2c9}</UniqueIdentifier>
    </Filter>
    <Filter Include="Header Files\Test\ProviderTest">
      <UniqueIdentifier>{67030bb3-f94e-427c-ba05-2e53605c75cf}</UniqueIdentifier>
    </Filter>
    <Filter Include="Source Files\Test\ProviderTest">
      <UniqueIdentifier>{88de1aa6-d081-44ec-80bc-ce3b6da30a34}</UniqueIdentifier>
    </Filter>
    <Filter Include="Vectors">
      <UniqueIdentifier>{f7cc6bb9-5879-4e51-9a5b-9f2795523eba}</UniqueIdentifier>
    </Filter>
    <Filter Include="Vectors\AESAVS">
      <UniqueIdentifier>{6ac40e46-c403-426b-be31-dc3498a89f79}</UniqueIdentifier>
    </Filter>
    <Filter Include="Vectors\Blake2">
      <UniqueIdentifier>{d6c93546-7a24-4cd0-8521-63d131fcf466}</UniqueIdentifier>
    </Filter>
    <Filter Include="Vectors\Counterpane">
      <UniqueIdentifier>{fff5c676-0d4d-4e64-a94c-66d1414be044}</UniqueIdentifier>
    </Filter>
    <Filter Include="Vectors\Nessie">
      <UniqueIdentifier>{323f7e15-acb7-4eac-9f7d-90345efb0252}</UniqueIdentifier>
    </Filter>
    <Filter Include="Header Files\Test\Asymmetric">
      <UniqueIdentifier>{271b1ecc-8efc-43d0-9ae0-e73447e64f70}</UniqueIdentifier>
    </Filter>
    <Filter Include="Header Files\Test\Asymmetric\Cipher">
      <UniqueIdentifier>{d59d69c6-7df8-4d0f-99f3-069de9b8dffc}</UniqueIdentifier>
    </Filter>
    <Filter Include="Header Files\Test\Asymmetric\Sign">
      <UniqueIdentifier>{cec01327-a6db-4ea7-ae41-4a09158cc4d7}</UniqueIdentifier>
    </Filter>
    <Filter Include="Source Files\Test\Asymmetric">
      <UniqueIdentifier>{c727b7fe-a8cb-4c0f-9956-afaec4daff2f}</UniqueIdentifier>
    </Filter>
    <Filter Include="Source Files\Test\Asymmetric\Cipher">
      <UniqueIdentifier>{dc18568d-c547-4303-9d6d-0df4f6275a46}</UniqueIdentifier>
    </Filter>
    <Filter Include="Source Files\Test\Asymmetric\Sign">
      <UniqueIdentifier>{2810e76a-f08a-45d8-8adc-e23c81b315b0}</UniqueIdentifier>
    </Filter>
    <Filter Include="Header Files\Common">
      <UniqueIdentifier>{c211bc53-6ee2-42bf-9515-ef7f7147a739}</UniqueIdentifier>
    </Filter>
    <Filter Include="Source Files\Common">
      <UniqueIdentifier>{8a3cb425-db48-4fd1-8d1c-a868004736b8}</UniqueIdentifier>
    </Filter>
    <Filter Include="Header Files\Test\PrngTest\DiehardResults">
      <UniqueIdentifier>{1a162da5-6443-45df-8b40-c6cb4a1db94f}</UniqueIdentifier>
    </Filter>
    <Filter Include="Header Files\Test\PrngTest\DiehardResults\10MB">
      <UniqueIdentifier>{9f7fd282-bb04-4140-90bd-9bba9138d54a}</UniqueIdentifier>
    </Filter>
    <Filter Include="Header Files\Test\PrngTest\DiehardResults\100MB">
      <UniqueIdentifier>{3b74ae82-ab25-4665-a517-7d790ec73df6}</UniqueIdentifier>
    </Filter>
  </ItemGroup>
  <ItemGroup>
    <Text Include="..\..\Test\Diehard Results\10mb\cjp10.txt">
      <Filter>Header Files\Test\PrngTest\DiehardResults\10MB</Filter>
    </Text>
    <Text Include="..\..\Test\Diehard Results\10mb\cmg10.txt">
      <Filter>Header Files\Test\PrngTest\DiehardResults\10MB</Filter>
    </Text>
    <Text Include="..\..\Test\Diehard Results\10mb\csp10.txt">
      <Filter>Header Files\Test\PrngTest\DiehardResults\10MB</Filter>
    </Text>
    <Text Include="..\..\Test\Diehard Results\10mb\dcg10.txt">
      <Filter>Header Files\Test\PrngTest\DiehardResults\10MB</Filter>
    </Text>
    <Text Include="..\..\Test\Diehard Results\10mb\ecp10.txt">
      <Filter>Header Files\Test\PrngTest\DiehardResults\10MB</Filter>
    </Text>
    <Text Include="..\..\Test\Diehard Results\10mb\hmg10.txt">
      <Filter>Header Files\Test\PrngTest\DiehardResults\10MB</Filter>
    </Text>
    <Text Include="..\..\Test\Diehard Results\10mb\rdp10.txt">
      <Filter>Header Files\Test\PrngTest\DiehardResults\10MB</Filter>
    </Text>
    <Text Include="..\..\Test\Diehard Results\100mb\cjp100.txt">
      <Filter>Header Files\Test\PrngTest\DiehardResults\100MB</Filter>
    </Text>
    <Text Include="..\..\Test\Diehard Results\100mb\cmg100.txt">
      <Filter>Header Files\Test\PrngTest\DiehardResults\100MB</Filter>
    </Text>
    <Text Include="..\..\Test\Diehard Results\100mb\csp100.txt">
      <Filter>Header Files\Test\PrngTest\DiehardResults\100MB</Filter>
    </Text>
    <Text Include="..\..\Test\Diehard Results\100mb\dcg100.txt">
      <Filter>Header Files\Test\PrngTest\DiehardResults\100MB</Filter>
    </Text>
    <Text Include="..\..\Test\Diehard Results\100mb\ecp100.txt">
      <Filter>Header Files\Test\PrngTest\DiehardResults\100MB</Filter>
    </Text>
    <Text Include="..\..\Test\Diehard Results\100mb\hmg100.txt">
      <Filter>Header Files\Test\PrngTest\DiehardResults\100MB</Filter>
    </Text>
    <Text Include="..\..\Test\Diehard Results\100mb\rdp100.txt">
      <Filter>Header Files\Test\PrngTest\DiehardResults\100MB</Filter>
    </Text>
    <Content Include="Vectors\AESAVS\keyvect128.txt">
      <Filter>Vectors\AESAVS</Filter>
    </Content>
    <Content Include="Vectors\AESAVS\keyvect192.txt">
      <Filter>Vectors\AESAVS</Filter>
    </Content>
    <Content Include="Vectors\AESAVS\keyvect256.txt">
      <Filter>Vectors\AESAVS</Filter>
    </Content>
    <Content Include="Vectors\AESAVS\plainvect128.txt">
      <Filter>Vectors\AESAVS</Filter>
    </Content>
    <Content Include="Vectors\AESAVS\plainvect192.txt">
      <Filter>Vectors\AESAVS</Filter>
    </Content>
    <Content Include="Vectors\AESAVS\plainvect256.txt">
      <Filter>Vectors\AESAVS</Filter>
    </Content>
    <Content Include="Vectors\Blake2\blake2b-kat.txt">
      <Filter>Vectors\Blake2</Filter>
    </Content>
    <Content Include="Vectors\Blake2\blake2bp-kat.txt">
      <Filter>Vectors\Blake2</Filter>
    </Content>
    <Content Include="Vectors\Blake2\blake2s-kat.txt">
      <Filter>Vectors\Blake2</Filter>
    </Content>
    <Content Include="Vectors\Blake2\blake2sp-kat.txt">
      <Filter>Vectors\Blake2</Filter>
    </Content>
    <Content Include="Vectors\Counterpane\twofishcipher128.txt">
      <Filter>Vectors\Counterpane</Filter>
    </Content>
    <Content Include="Vectors\Counterpane\twofishcipher192.txt">
      <Filter>Vectors\Counterpane</Filter>
    </Content>
    <Content Include="Vectors\Counterpane\twofishcipher256.txt">
      <Filter>Vectors\Counterpane</Filter>
    </Content>
    <Content Include="Vectors\Counterpane\twofishkey128.txt">
      <Filter>Vectors\Counterpane</Filter>
    </Content>
    <Content Include="Vectors\Counterpane\twofishkey192.txt">
      <Filter>Vectors\Counterpane</Filter>
    </Content>
    <Content Include="Vectors\Counterpane\twofishkey256.txt">
      <Filter>Vectors\Counterpane</Filter>
    </Content>
    <Content Include="Vectors\Nessie\serpentcipher128.txt">
      <Filter>Vectors\Nessie</Filter>
    </Content>
    <Content Include="Vectors\Nessie\serpentcipher192.txt">
      <Filter>Vectors\Nessie</Filter>
    </Content>
    <Content Include="Vectors\Nessie\serpentcipher256.txt">
      <Filter>Vectors\Nessie</Filter>
    </Content>
    <Content Include="Vectors\Nessie\serpentkey128.txt">
      <Filter>Vectors\Nessie</Filter>
    </Content>
    <Content Include="Vectors\Nessie\serpentkey192.txt">
      <Filter>Vectors\Nessie</Filter>
    </Content>
    <Content Include="Vectors\Nessie\serpentkey256.txt">
      <Filter>Vectors\Nessie</Filter>
    </Content>
    <Content Include="Vectors\Nessie\serpentmonte100-128.txt">
      <Filter>Vectors\Nessie</Filter>
    </Content>
    <Content Include="Vectors\Nessie\serpentmonte100-192.txt">
      <Filter>Vectors\Nessie</Filter>
    </Content>
    <Content Include="Vectors\Nessie\serpentmonte100-256.txt">
      <Filter>Vectors\Nessie</Filter>
    </Content>
    <Content Include="Vectors\Nessie\serpentmonte1000-128.txt">
      <Filter>Vectors\Nessie</Filter>
    </Content>
    <Content Include="Vectors\Nessie\serpentmonte1000-192.txt">
      <Filter>Vectors\Nessie</Filter>
    </Content>
    <Content Include="Vectors\Nessie\serpentmonte1000-256.txt">
      <Filter>Vectors\Nessie</Filter>
    </Content>
    <Content Include="Vectors\Nessie\serpentplain128.txt">
      <Filter>Vectors\Nessie</Filter>
    </Content>
    <Content Include="Vectors\Nessie\serpentplain192.txt">
      <Filter>Vectors\Nessie</Filter>
    </Content>
    <Content Include="Vectors\Nessie\serpentplain256.txt">
      <Filter>Vectors\Nessie</Filter>
    </Content>
    <Text Include="..\..\Test\NistStsResults.txt">
      <Filter>Header Files\Test\PrngTest</Filter>
    </Text>
  </ItemGroup>
  <ItemGroup>
    <ClInclude Include="..\..\Test\AesAvsTest.h">
      <Filter>Header Files\Test\CipherTest</Filter>
    </ClInclude>
    <ClInclude Include="..\..\Test\ChaChaTest.h">
      <Filter>Header Files\Test\CipherTest</Filter>
    </ClInclude>
    <ClInclude Include="..\..\Test\CipherModeTest.h">
      <Filter>Header Files\Test\CipherTest</Filter>
    </ClInclude>
    <ClInclude Include="..\..\Test\ParallelModeTest.h">
      <Filter>Header Files\Test\CipherTest</Filter>
    </ClInclude>
    <ClInclude Include="..\..\Test\SerpentTest.h">
      <Filter>Header Files\Test\CipherTest</Filter>
    </ClInclude>
    <ClInclude Include="..\..\Test\KeccakTest.h">
      <Filter>Header Files\Test\DigestTest</Filter>
    </ClInclude>
    <ClInclude Include="..\..\Test\Sha2Test.h">
      <Filter>Header Files\Test\DigestTest</Filter>
    </ClInclude>
    <ClInclude Include="..\..\Test\SkeinTest.h">
      <Filter>Header Files\Test\DigestTest</Filter>
    </ClInclude>
    <ClInclude Include="..\..\Test\HexConverter.h">
      <Filter>Header Files\Common</Filter>
    </ClInclude>
    <ClInclude Include="..\..\Test\TestCommon.h">
      <Filter>Header Files\Common</Filter>
    </ClInclude>
    <ClInclude Include="..\..\Test\TestFiles.h">
      <Filter>Header Files\Common</Filter>
    </ClInclude>
    <ClInclude Include="..\..\Test\TestUtils.h">
      <Filter>Header Files\Common</Filter>
    </ClInclude>
    <ClInclude Include="..\..\Test\ITest.h">
      <Filter>Header Files\Common</Filter>
    </ClInclude>
    <ClInclude Include="..\..\Test\ConsoleUtils.h">
      <Filter>Header Files\Common</Filter>
    </ClInclude>
    <ClInclude Include="..\..\Test\TestEvent.h">
      <Filter>Header Files\Common</Filter>
    </ClInclude>
    <ClInclude Include="..\..\Test\TestEventHandler.h">
      <Filter>Header Files\Common</Filter>
    </ClInclude>
    <ClInclude Include="..\..\Test\PaddingTest.h">
      <Filter>Header Files\Test\CipherTest</Filter>
    </ClInclude>
    <ClInclude Include="..\..\Test\CMACTest.h">
      <Filter>Header Files\Test\MacTest</Filter>
    </ClInclude>
    <ClInclude Include="..\..\Test\HMACTest.h">
      <Filter>Header Files\Test\MacTest</Filter>
    </ClInclude>
    <ClInclude Include="..\..\Test\CipherStreamTest.h">
      <Filter>Header Files\Test\ProcessorTest</Filter>
    </ClInclude>
    <ClInclude Include="..\..\Test\MacStreamTest.h">
      <Filter>Header Files\Test\ProcessorTest</Filter>
    </ClInclude>
    <ClInclude Include="..\..\Test\DigestStreamTest.h">
      <Filter>Header Files\Test\ProcessorTest</Filter>
    </ClInclude>
    <ClInclude Include="..\..\Test\TestException.h">
      <Filter>Header Files\Common</Filter>
    </ClInclude>
    <ClInclude Include="..\..\Test\CipherSpeedTest.h">
      <Filter>Header Files\Test\ProcessorTest</Filter>
    </ClInclude>
    <ClInclude Include="..\..\Test\DigestSpeedTest.h">
      <Filter>Header Files\Test\ProcessorTest</Filter>
    </ClInclude>
    <ClInclude Include="..\..\Test\Blake2Test.h">
      <Filter>Header Files\Test\DigestTest</Filter>
    </ClInclude>
    <ClInclude Include="..\..\Test\HKDFTest.h">
      <Filter>Header Files\Test\KdfTest</Filter>
    </ClInclude>
    <ClInclude Include="..\..\Test\PBKDF2Test.h">
      <Filter>Header Files\Test\KdfTest</Filter>
    </ClInclude>
    <ClInclude Include="..\..\Test\KDF2Test.h">
      <Filter>Header Files\Test\KdfTest</Filter>
    </ClInclude>
    <ClInclude Include="..\..\Test\SecureStreamTest.h">
      <Filter>Header Files\Test\ProcessorTest</Filter>
    </ClInclude>
    <ClInclude Include="..\..\Test\SymmetricKeyGeneratorTest.h">
      <Filter>Header Files\Test\ProcessorTest</Filter>
    </ClInclude>
    <ClInclude Include="..\..\Test\SymmetricKeyTest.h">
      <Filter>Header Files\Test\ProcessorTest</Filter>
    </ClInclude>
    <ClInclude Include="..\..\Test\GMACTest.h">
      <Filter>Header Files\Test\MacTest</Filter>
    </ClInclude>
    <ClInclude Include="..\..\Test\SCRYPTTest.h">
      <Filter>Header Files\Test\KdfTest</Filter>
    </ClInclude>
    <ClInclude Include="..\..\Test\MemUtilsTest.h">
      <Filter>Header Files\Test\ProcessorTest</Filter>
    </ClInclude>
    <ClInclude Include="..\..\Test\SimdSpeedTest.h">
      <Filter>Header Files\Test\ProcessorTest</Filter>
    </ClInclude>
    <ClInclude Include="..\..\Test\SimdWrapperTest.h">
      <Filter>Header Files\Test\ProcessorTest</Filter>
    </ClInclude>
    <ClInclude Include="..\..\Test\RingLWETest.h">
      <Filter>Header Files\Test\Asymmetric\Cipher</Filter>
    </ClInclude>
    <ClInclude Include="..\..\Test\AsymmetricSpeedTest.h">
      <Filter>Header Files\Test\ProcessorTest</Filter>
    </ClInclude>
    <ClInclude Include="..\..\Test\McElieceTest.h">
      <Filter>Header Files\Test\Asymmetric\Cipher</Filter>
    </ClInclude>
    <ClInclude Include="..\..\Test\UtilityTest.h">
      <Filter>Header Files\Test\ProcessorTest</Filter>
    </ClInclude>
    <ClInclude Include="..\..\Test\Poly1305Test.h">
      <Filter>Header Files\Test\MacTest</Filter>
    </ClInclude>
    <ClInclude Include="..\..\Test\SHAKETest.h">
      <Filter>Header Files\Test\KdfTest</Filter>
    </ClInclude>
    <ClInclude Include="..\..\Test\ModuleLWETest.h">
      <Filter>Header Files\Test\Asymmetric\Cipher</Filter>
    </ClInclude>
    <ClInclude Include="..\..\Test\CSGTest.h">
      <Filter>Header Files\Test\GeneratorTest</Filter>
    </ClInclude>
    <ClInclude Include="..\..\Test\KMACTest.h">
      <Filter>Header Files\Test\MacTest</Filter>
    </ClInclude>
    <ClInclude Include="..\..\Test\BCGTest.h">
      <Filter>Header Files\Test\GeneratorTest</Filter>
    </ClInclude>
    <ClInclude Include="..\..\Test\NTRUTest.h">
      <Filter>Header Files\Test\Asymmetric\Cipher</Filter>
    </ClInclude>
    <ClInclude Include="..\..\Test\ThreefishTest.h">
      <Filter>Header Files\Test\CipherTest</Filter>
    </ClInclude>
    <ClInclude Include="..\..\Test\AeadTest.h">
      <Filter>Header Files\Test\CipherTest</Filter>
    </ClInclude>
    <ClInclude Include="..\..\Test\RijndaelTest.h">
      <Filter>Header Files\Test\CipherTest</Filter>
    </ClInclude>
    <ClInclude Include="..\..\Test\HCGTest.h">
      <Filter>Header Files\Test\GeneratorTest</Filter>
    </ClInclude>
    <ClInclude Include="..\..\Test\RandomUtils.h">
      <Filter>Header Files\Common</Filter>
    </ClInclude>
    <ClInclude Include="..\..\Test\SphincsTest.h">
      <Filter>Header Files\Test\Asymmetric\Sign</Filter>
    </ClInclude>
    <ClInclude Include="..\..\Test\DilithiumTest.h">
      <Filter>Header Files\Test\Asymmetric\Sign</Filter>
    </ClInclude>
    <ClInclude Include="..\..\Test\ACSTest.h">
      <Filter>Header Files\Test\CipherTest</Filter>
    </ClInclude>
    <ClInclude Include="..\..\Test\RandomOutputTest.h">
      <Filter>Header Files\Test\PrngTest</Filter>
    </ClInclude>
    <ClInclude Include="..\..\Test\ACPTest.h">
      <Filter>Header Files\Test\ProviderTest</Filter>
    </ClInclude>
    <ClInclude Include="..\..\Test\CJPTest.h">
      <Filter>Header Files\Test\ProviderTest</Filter>
    </ClInclude>
    <ClInclude Include="..\..\Test\CSPTest.h">
      <Filter>Header Files\Test\ProviderTest</Filter>
    </ClInclude>
    <ClInclude Include="..\..\Test\ECPTest.h">
      <Filter>Header Files\Test\ProviderTest</Filter>
    </ClInclude>
    <ClInclude Include="..\..\Test\RDPTest.h">
      <Filter>Header Files\Test\ProviderTest</Filter>
    </ClInclude>
    <ClInclude Include="..\..\Test\BCRTest.h">
      <Filter>Header Files\Test\PrngTest</Filter>
    </ClInclude>
    <ClInclude Include="..\..\Test\CSRTest.h">
      <Filter>Header Files\Test\PrngTest</Filter>
    </ClInclude>
    <ClInclude Include="..\..\Test\HCRTest.h">
      <Filter>Header Files\Test\PrngTest</Filter>
    </ClInclude>
  </ItemGroup>
  <ItemGroup>
    <ClCompile Include="..\..\Test\AesAvsTest.cpp">
      <Filter>Source Files\Test\CipherTest</Filter>
    </ClCompile>
    <ClCompile Include="..\..\Test\ChaChaTest.cpp">
      <Filter>Source Files\Test\CipherTest</Filter>
    </ClCompile>
    <ClCompile Include="..\..\Test\CipherModeTest.cpp">
      <Filter>Source Files\Test\CipherTest</Filter>
    </ClCompile>
    <ClCompile Include="..\..\Test\PaddingTest.cpp">
      <Filter>Source Files\Test\CipherTest</Filter>
    </ClCompile>
    <ClCompile Include="..\..\Test\ParallelModeTest.cpp">
      <Filter>Source Files\Test\CipherTest</Filter>
    </ClCompile>
    <ClCompile Include="..\..\Test\CMACTest.cpp">
      <Filter>Source Files\Test\MacTest</Filter>
    </ClCompile>
    <ClCompile Include="..\..\Test\HMACTest.cpp">
      <Filter>Source Files\Test\MacTest</Filter>
    </ClCompile>
    <ClCompile Include="..\..\Test\CipherStreamTest.cpp">
      <Filter>Source Files\Test\ProcessorTest</Filter>
    </ClCompile>
    <ClCompile Include="..\..\Test\MacStreamTest.cpp">
      <Filter>Source Files\Test\ProcessorTest</Filter>
    </ClCompile>
    <ClCompile Include="..\..\Test\DigestStreamTest.cpp">
      <Filter>Source Files\Test\ProcessorTest</Filter>
    </ClCompile>
    <ClCompile Include="..\..\Test\KeccakTest.cpp">
      <Filter>Source Files\Test\DigestTest</Filter>
    </ClCompile>
    <ClCompile Include="..\..\Test\SerpentTest.cpp">
      <Filter>Source Files\Test\CipherTest</Filter>
    </ClCompile>
    <ClCompile Include="..\..\Test\Sha2Test.cpp">
      <Filter>Source Files\Test\DigestTest</Filter>
    </ClCompile>
    <ClCompile Include="..\..\Test\SkeinTest.cpp">
      <Filter>Source Files\Test\DigestTest</Filter>
    </ClCompile>
    <ClCompile Include="..\..\Test\CipherSpeedTest.cpp">
      <Filter>Source Files\Test\ProcessorTest</Filter>
    </ClCompile>
    <ClCompile Include="..\..\Test\DigestSpeedTest.cpp">
      <Filter>Source Files\Test\ProcessorTest</Filter>
    </ClCompile>
    <ClCompile Include="..\..\Test\Blake2Test.cpp">
      <Filter>Source Files\Test\DigestTest</Filter>
    </ClCompile>
    <ClCompile Include="..\..\Test\PBKDF2Test.cpp">
      <Filter>Source Files\Test\KdfTest</Filter>
    </ClCompile>
    <ClCompile Include="..\..\Test\HKDFTest.cpp">
      <Filter>Source Files\Test\KdfTest</Filter>
    </ClCompile>
    <ClCompile Include="..\..\Test\KDF2Test.cpp">
      <Filter>Source Files\Test\KdfTest</Filter>
    </ClCompile>
    <ClCompile Include="..\..\Test\SymmetricKeyGeneratorTest.cpp">
      <Filter>Source Files\Test\ProcessorTest</Filter>
    </ClCompile>
    <ClCompile Include="..\..\Test\SymmetricKeyTest.cpp">
      <Filter>Source Files\Test\ProcessorTest</Filter>
    </ClCompile>
    <ClCompile Include="..\..\Test\SecureStreamTest.cpp">
      <Filter>Source Files\Test\ProcessorTest</Filter>
    </ClCompile>
    <ClCompile Include="..\..\Test\GMACTest.cpp">
      <Filter>Source Files\Test\MacTest</Filter>
    </ClCompile>
    <ClCompile Include="..\..\Test\SCRYPTTest.cpp">
      <Filter>Source Files\Test\KdfTest</Filter>
    </ClCompile>
    <ClCompile Include="..\..\Test\HexConverter.cpp">
      <Filter>Source Files\Common</Filter>
    </ClCompile>
    <ClCompile Include="..\..\Test\ConsoleUtils.cpp">
      <Filter>Source Files\Common</Filter>
    </ClCompile>
    <ClCompile Include="..\..\Test\TestUtils.cpp">
      <Filter>Source Files\Common</Filter>
    </ClCompile>
    <ClCompile Include="..\..\Test\Test.cpp">
      <Filter>Source Files\Test</Filter>
    </ClCompile>
    <ClCompile Include="..\..\Test\MemUtilsTest.cpp">
      <Filter>Source Files\Test\ProcessorTest</Filter>
    </ClCompile>
    <ClCompile Include="..\..\Test\SimdSpeedTest.cpp">
      <Filter>Source Files\Test\ProcessorTest</Filter>
    </ClCompile>
    <ClCompile Include="..\..\Test\SimdWrapperTest.cpp">
      <Filter>Source Files\Test\ProcessorTest</Filter>
    </ClCompile>
    <ClCompile Include="..\..\Test\RingLWETest.cpp">
      <Filter>Source Files\Test\Asymmetric\Cipher</Filter>
    </ClCompile>
    <ClCompile Include="..\..\Test\AsymmetricSpeedTest.cpp">
      <Filter>Source Files\Test\ProcessorTest</Filter>
    </ClCompile>
    <ClCompile Include="..\..\Test\McElieceTest.cpp">
      <Filter>Source Files\Test\Asymmetric\Cipher</Filter>
    </ClCompile>
    <ClCompile Include="..\..\Test\UtilityTest.cpp">
      <Filter>Source Files\Test\ProcessorTest</Filter>
    </ClCompile>
    <ClCompile Include="..\..\Test\Poly1305Test.cpp">
      <Filter>Source Files\Test\MacTest</Filter>
    </ClCompile>
    <ClCompile Include="..\..\Test\SHAKETest.cpp">
      <Filter>Source Files\Test\KdfTest</Filter>
    </ClCompile>
    <ClCompile Include="..\..\Test\ModuleLWETest.cpp">
      <Filter>Source Files\Test\Asymmetric\Cipher</Filter>
    </ClCompile>
    <ClCompile Include="..\..\Test\CSGTest.cpp">
      <Filter>Source Files\Test\GeneratorTest</Filter>
    </ClCompile>
    <ClCompile Include="..\..\Test\KMACTest.cpp">
      <Filter>Source Files\Test\MacTest</Filter>
    </ClCompile>
    <ClCompile Include="..\..\Test\BCGTest.cpp">
      <Filter>Source Files\Test\GeneratorTest</Filter>
    </ClCompile>
    <ClCompile Include="..\..\Test\NTRUTest.cpp">
      <Filter>Source Files\Test\Asymmetric\Cipher</Filter>
    </ClCompile>
    <ClCompile Include="..\..\Test\ThreefishTest.cpp">
      <Filter>Source Files\Test\CipherTest</Filter>
    </ClCompile>
    <ClCompile Include="..\..\Test\AeadTest.cpp">
      <Filter>Source Files\Test\CipherTest</Filter>
    </ClCompile>
    <ClCompile Include="..\..\Test\RijndaelTest.cpp">
      <Filter>Source Files\Test\CipherTest</Filter>
    </ClCompile>
    <ClCompile Include="..\..\Test\HCGTest.cpp">
      <Filter>Source Files\Test\GeneratorTest</Filter>
    </ClCompile>
    <ClCompile Include="..\..\Test\SphincsTest.cpp">
      <Filter>Source Files\Test\Asymmetric\Sign</Filter>
    </ClCompile>
    <ClCompile Include="..\..\Test\DilithiumTest.cpp">
      <Filter>Source Files\Test\Asymmetric\Sign</Filter>
    </ClCompile>
    <ClCompile Include="..\..\Test\ACSTest.cpp">
      <Filter>Source Files\Test\CipherTest</Filter>
    </ClCompile>
    <ClCompile Include="..\..\Test\RandomUtils.cpp">
      <Filter>Source Files\Common</Filter>
    </ClCompile>
    <ClCompile Include="..\..\Test\RandomOutputTest.cpp">
      <Filter>Source Files\Test\PrngTest</Filter>
    </ClCompile>
    <ClCompile Include="..\..\Test\RDPTest.cpp">
      <Filter>Source Files\Test\ProviderTest</Filter>
    </ClCompile>
    <ClCompile Include="..\..\Test\ECPTest.cpp">
      <Filter>Source Files\Test\ProviderTest</Filter>
    </ClCompile>
    <ClCompile Include="..\..\Test\CSPTest.cpp">
      <Filter>Source Files\Test\ProviderTest</Filter>
    </ClCompile>
    <ClCompile Include="..\..\Test\CJPTest.cpp">
      <Filter>Source Files\Test\ProviderTest</Filter>
    </ClCompile>
    <ClCompile Include="..\..\Test\ACPTest.cpp">
      <Filter>Source Files\Test\ProviderTest</Filter>
    </ClCompile>
    <ClCompile Include="..\..\Test\BCRTest.cpp">
      <Filter>Source Files\Test\PrngTest</Filter>
    </ClCompile>
    <ClCompile Include="..\..\Test\CSRTest.cpp">
      <Filter>Source Files\Test\PrngTest</Filter>
    </ClCompile>
    <ClCompile Include="..\..\Test\HCRTest.cpp">
      <Filter>Source Files\Test\PrngTest</Filter>
    </ClCompile>
  </ItemGroup>
</Project>