<?xml version="1.0" encoding="utf-8"?>
<Project ToolsVersion="4.0" xmlns="http://schemas.microsoft.com/developer/msbuild/2003">
  <ItemGroup>
    <ClCompile Include="CFES.cpp">
      <Filter>SourceFiles</Filter>
    </ClCompile>
    <ClCompile Include="FileTools.cpp">
      <Filter>SourceFiles</Filter>
    </ClCompile>
    <ClCompile Include="CFESMain.cpp">
      <Filter>SourceFiles</Filter>
    </ClCompile>
    <ClCompile Include="ConsoleTools.cpp">
      <Filter>SourceFiles</Filter>
    </ClCompile>
  </ItemGroup>
  <ItemGroup>
    <ClInclude Include="CFES.h">
      <Filter>Header Files</Filter>
    </ClInclude>
    <ClInclude Include="Common.h">
      <Filter>Header Files</Filter>
    </ClInclude>
    <ClInclude Include="FileTools.h">
      <Filter>Header Files</Filter>
    </ClInclude>
    <ClInclude Include="ConsoleTools.h">
      <Filter>Header Files</Filter>
    </ClInclude>
  </ItemGroup>
  <ItemGroup>
    <Filter Include="Header Files">
      <UniqueIdentifier>{c3d56d1e-e281-43d1-8124-60240bd6a250}</UniqueIdentifier>
    </Filter>
    <Filter Include="SourceFiles">
      <UniqueIdentifier>{e04bdc2f-dd37-4628-bf50-fea38c21af3e}</UniqueIdentifier>
    </Filter>
  </ItemGroup>
</Project>