
Microsoft Visual Studio Solution File, Format Version 12.00
# Visual Studio Version 17
VisualStudioVersion = 17.4.33103.184
MinimumVisualStudioVersion = 10.0.40219.1
Project("{8BC9CEB8-8B4A-11D0-8D11-00A0C91BC942}") = "Test", "Test\Test.vcxproj", "{3660E6D2-8C1D-4B62-8B68-51145B7D1A31}"
EndProject
Project("{8BC9CEB8-8B4A-11D0-8D11-00A0C91BC942}") = "CEX", "Static\CEXEngine.vcxproj", "{FF7AB9CB-BF7B-4E0E-A3EF-F4141810B24A}"
EndProject
Global
	GlobalSection(SolutionConfigurationPlatforms) = preSolution
		Debug|ARM = Debug|ARM
		Debug|x64 = Debug|x64
		Debug|x86 = Debug|x86
		Release|ARM = Release|ARM
		Release|x64 = Release|x64
		Release|x86 = Release|x86
	EndGlobalSection
	GlobalSection(ProjectConfigurationPlatforms) = postSolution
		{3660E6D2-8C1D-4B62-8B68-51145B7D1A31}.Debug|ARM.ActiveCfg = Release|x64
		{3660E6D2-8C1D-4B62-8B68-51145B7D1A31}.Debug|ARM.Build.0 = Release|x64
		{3660E6D2-8C1D-4B62-8B68-51145B7D1A31}.Debug|x64.ActiveCfg = Debug|x64
		{3660E6D2-8C1D-4B62-8B68-51145B7D1A31}.Debug|x64.Build.0 = Debug|x64
		{3660E6D2-8C1D-4B62-8B68-51145B7D1A31}.Debug|x86.ActiveCfg = Debug|Win32
		{3660E6D2-8C1D-4B62-8B68-51145B7D1A31}.Debug|x86.Build.0 = Debug|Win32
		{3660E6D2-8C1D-4B62-8B68-51145B7D1A31}.Release|ARM.ActiveCfg = Release|x64
		{3660E6D2-8C1D-4B62-8B68-51145B7D1A31}.Release|ARM.Build.0 = Release|x64
		{3660E6D2-8C1D-4B62-8B68-51145B7D1A31}.Release|x64.ActiveCfg = Release|x64
		{3660E6D2-8C1D-4B62-8B68-51145B7D1A31}.Release|x64.Build.0 = Release|x64
		{3660E6D2-8C1D-4B62-8B68-51145B7D1A31}.Release|x86.ActiveCfg = Release|Win32
		{3660E6D2-8C1D-4B62-8B68-51145B7D1A31}.Release|x86.Build.0 = Release|Win32
		{FF7AB9CB-BF7B-4E0E-A3EF-F4141810B24A}.Debug|ARM.ActiveCfg = Debug|Win32
		{FF7AB9CB-BF7B-4E0E-A3EF-F4141810B24A}.Debug|x64.ActiveCfg = Debug|x64
		{FF7AB9CB-BF7B-4E0E-A3EF-F4141810B24A}.Debug|x64.Build.0 = Debug|x64
		{FF7AB9CB-BF7B-4E0E-A3EF-F4141810B24A}.Debug|x86.ActiveCfg = Debug|Win32
		{FF7AB9CB-BF7B-4E0E-A3EF-F4141810B24A}.Debug|x86.Build.0 = Debug|Win32
		{FF7AB9CB-BF7B-4E0E-A3EF-F4141810B24A}.Release|ARM.ActiveCfg = Release|Win32
		{FF7AB9CB-BF7B-4E0E-A3EF-F4141810B24A}.Release|x64.ActiveCfg = Release|x64
		{FF7AB9CB-BF7B-4E0E-A3EF-F4141810B24A}.Release|x64.Build.0 = Release|x64
		{FF7AB9CB-BF7B-4E0E-A3EF-F4141810B24A}.Release|x86.ActiveCfg = Release|Win32
		{FF7AB9CB-BF7B-4E0E-A3EF-F4141810B24A}.Release|x86.Build.0 = Release|Win32
	EndGlobalSection
	GlobalSection(SolutionProperties) = preSolution
		HideSolutionNode = FALSE
	EndGlobalSection
	GlobalSection(ExtensibilityGlobals) = postSolution
		SolutionGuid = {731D3774-6245-4ABD-A886-89AD7D1A3495}
	EndGlobalSection
EndGlobal
